
Microsoft Visual Studio Solution File, Format Version 12.00
# Visual Studio Version 17
VisualStudioVersion = 17.6.33815.320
MinimumVisualStudioVersion = 10.0.40219.1
Project("{FAE04EC0-301F-11D3-BF4B-00C04F79EFBC}") = "AzureWebApp", "AzureWebApp\AzureWebApp.csproj", "{9FF9921E-F75E-4C29-A68A-F26C9932517A}"
EndProject
Global
	GlobalSection(SolutionConfigurationPlatforms) = preSolution
		Debug|Any CPU = Debug|Any CPU
		Release|Any CPU = Release|Any CPU
	EndGlobalSection
	GlobalSection(ProjectConfigurationPlatforms) = postSolution
		{9FF9921E-F75E-4C29-A68A-F26C9932517A}.Debug|Any CPU.ActiveCfg = Debug|Any CPU
		{9FF9921E-F75E-4C29-A68A-F26C9932517A}.Debug|Any CPU.Build.0 = Debug|Any CPU
		{9FF9921E-F75E-4C29-A68A-F26C9932517A}.Release|Any CPU.ActiveCfg = Release|Any CPU
		{9FF9921E-F75E-4C29-A68A-F26C9932517A}.Release|Any CPU.Build.0 = Release|Any CPU
	EndGlobalSection
	GlobalSection(SolutionProperties) = preSolution
		HideSolutionNode = FALSE
	EndGlobalSection
	GlobalSection(ExtensibilityGlobals) = postSolution
		SolutionGuid = {7C23E100-1609-4E19-8650-C72A22E49DD0}
	EndGlobalSection
EndGlobal
